
Microsoft Visual Studio Solution File, Format Version 12.00
# Visual Studio Version 16
VisualStudioVersion = 16.0.30413.136
MinimumVisualStudioVersion = 10.0.40219.1
Project("{F184B08F-C81C-45F6-A57F-5ABD9991F28F}") = "Assignment2.2_VB2", "Assignment2.2_VB2\Assignment2.2_VB2.vbproj", "{23CDF4DA-3F57-4931-B6C9-4C06CFB1FCDC}"
EndProject
Global
	GlobalSection(SolutionConfigurationPlatforms) = preSolution
		Debug|Any CPU = Debug|Any CPU
		Release|Any CPU = Release|Any CPU
	EndGlobalSection
	GlobalSection(ProjectConfigurationPlatforms) = postSolution
		{23CDF4DA-3F57-4931-B6C9-4C06CFB1FCDC}.Debug|Any CPU.ActiveCfg = Debug|Any CPU
		{23CDF4DA-3F57-4931-B6C9-4C06CFB1FCDC}.Debug|Any CPU.Build.0 = Debug|Any CPU
		{23CDF4DA-3F57-4931-B6C9-4C06CFB1FCDC}.Release|Any CPU.ActiveCfg = Release|Any CPU
		{23CDF4DA-3F57-4931-B6C9-4C06CFB1FCDC}.Release|Any CPU.Build.0 = Release|Any CPU
	EndGlobalSection
	GlobalSection(SolutionProperties) = preSolution
		HideSolutionNode = FALSE
	EndGlobalSection
	GlobalSection(ExtensibilityGlobals) = postSolution
		SolutionGuid = {90BEF101-B7E1-4CA5-A572-86DC7542FDF9}
	EndGlobalSection
EndGlobal
